
Microsoft Visual Studio Solution File, Format Version 12.00
# Visual Studio Version 16
VisualStudioVersion = 16.0.30611.23
MinimumVisualStudioVersion = 10.0.40219.1
Project("{FAE04EC0-301F-11D3-BF4B-00C04F79EFBC}") = "ECG-Plot", "ECG-Plot\ECG-Plot.csproj", "{3B38FFDF-6356-4442-918E-9073C65BE916}"
EndProject
Global
	GlobalSection(SolutionConfigurationPlatforms) = preSolution
		Debug|Any CPU = Debug|Any CPU
		Release|Any CPU = Release|Any CPU
	EndGlobalSection
	GlobalSection(ProjectConfigurationPlatforms) = postSolution
		{3B38FFDF-6356-4442-918E-9073C65BE916}.Debug|Any CPU.ActiveCfg = Debug|Any CPU
		{3B38FFDF-6356-4442-918E-9073C65BE916}.Debug|Any CPU.Build.0 = Debug|Any CPU
		{3B38FFDF-6356-4442-918E-9073C65BE916}.Release|Any CPU.ActiveCfg = Release|Any CPU
		{3B38FFDF-6356-4442-918E-9073C65BE916}.Release|Any CPU.Build.0 = Release|Any CPU
	EndGlobalSection
	GlobalSection(SolutionProperties) = preSolution
		HideSolutionNode = FALSE
	EndGlobalSection
	GlobalSection(ExtensibilityGlobals) = postSolution
		SolutionGuid = {0152331E-9EB1-48DA-8EC3-22CFE1B9004C}
	EndGlobalSection
EndGlobal
